
Microsoft Visual Studio Solution File, Format Version 12.00
# Visual Studio 15
VisualStudioVersion = 15.0.27130.2010
MinimumVisualStudioVersion = 10.0.40219.1
Project("{8BC9CEB8-8B4A-11D0-8D11-00A0C91BC942}") = "ClipThat", "ClipThat\ClipThat.vcxproj", "{0EAF2442-995E-4942-890D-C3F2E4365443}"
EndProject
Global
	GlobalSection(SolutionConfigurationPlatforms) = preSolution
		Debug|x64 = Debug|x64
		Debug|x86 = Debug|x86
		Release|x64 = Release|x64
		Release|x86 = Release|x86
	EndGlobalSection
	GlobalSection(ProjectConfigurationPlatforms) = postSolution
		{0EAF2442-995E-4942-890D-C3F2E4365443}.Debug|x64.ActiveCfg = Debug|x64
		{0EAF2442-995E-4942-890D-C3F2E4365443}.Debug|x64.Build.0 = Debug|x64
		{0EAF2442-995E-4942-890D-C3F2E4365443}.Debug|x86.ActiveCfg = Debug|Win32
		{0EAF2442-995E-4942-890D-C3F2E4365443}.Debug|x86.Build.0 = Debug|Win32
		{0EAF2442-995E-4942-890D-C3F2E4365443}.Release|x64.ActiveCfg = Release|x64
		{0EAF2442-995E-4942-890D-C3F2E4365443}.Release|x64.Build.0 = Release|x64
		{0EAF2442-995E-4942-890D-C3F2E4365443}.Release|x86.ActiveCfg = Release|Win32
		{0EAF2442-995E-4942-890D-C3F2E4365443}.Release|x86.Build.0 = Release|Win32
	EndGlobalSection
	GlobalSection(SolutionProperties) = preSolution
		HideSolutionNode = FALSE
	EndGlobalSection
	GlobalSection(ExtensibilityGlobals) = postSolution
		SolutionGuid = {E3FD9972-D01E-47E2-BE5C-58D50A208376}
	EndGlobalSection
EndGlobal
